// !$*UTF8*$!
{
	archiveVersion = 1;
	classes = {
	};
	objectVersion = 55;
	objects = {

/* Begin PBXBuildFile section */
		3ED96D91289EAF3500B8F05B /* AppDelegate.swift in Sources */ = {isa = PBXBuildFile; fileRef = 3ED96D90289EAF3500B8F05B /* AppDelegate.swift */; };
		3ED96D93289EAF3500B8F05B /* SceneDelegate.swift in Sources */ = {isa = PBXBuildFile; fileRef = 3ED96D92289EAF3500B8F05B /* SceneDelegate.swift */; };
		3ED96D95289EAF3500B8F05B /* ViewController.swift in Sources */ = {isa = PBXBuildFile; fileRef = 3ED96D94289EAF3500B8F05B /* ViewController.swift */; };
		3ED96D98289EAF3500B8F05B /* Main.storyboard in Resources */ = {isa = PBXBuildFile; fileRef = 3ED96D96289EAF3500B8F05B /* Main.storyboard */; };
		3ED96D9A289EAF3600B8F05B /* Assets.xcassets in Resources */ = {isa = PBXBuildFile; fileRef = 3ED96D99289EAF3600B8F05B /* Assets.xcassets */; };
		3ED96D9D289EAF3600B8F05B /* LaunchScreen.storyboard in Resources */ = {isa = PBXBuildFile; fileRef = 3ED96D9B289EAF3600B8F05B /* LaunchScreen.storyboard */; };
		3ED96DA8289EAF3600B8F05B /* RedioButtonTests.swift in Sources */ = {isa = PBXBuildFile; fileRef = 3ED96DA7289EAF3600B8F05B /* RedioButtonTests.swift */; };
		3ED96DB2289EAF3600B8F05B /* RedioButtonUITests.swift in Sources */ = {isa = PBXBuildFile; fileRef = 3ED96DB1289EAF3600B8F05B /* RedioButtonUITests.swift */; };
		3ED96DB4289EAF3600B8F05B /* RedioButtonUITestsLaunchTests.swift in Sources */ = {isa = PBXBuildFile; fileRef = 3ED96DB3289EAF3600B8F05B /* RedioButtonUITestsLaunchTests.swift */; };
/* End PBXBuildFile section */

/* Begin PBXContainerItemProxy section */
		3ED96DA4289EAF3600B8F05B /* PBXContainerItemProxy */ = {
			isa = PBXContainerItemProxy;
			containerPortal = 3ED96D85289EAF3500B8F05B /* Project object */;
			proxyType = 1;
			remoteGlobalIDString = 3ED96D8C289EAF3500B8F05B;
			remoteInfo = RedioButton;
		};
		3ED96DAE289EAF3600B8F05B /* PBXContainerItemProxy */ = {
			isa = PBXContainerItemProxy;
			containerPortal = 3ED96D85289EAF3500B8F05B /* Project object */;
			proxyType = 1;
			remoteGlobalIDString = 3ED96D8C289EAF3500B8F05B;
			remoteInfo = RedioButton;
		};
/* End PBXContainerItemProxy section */

/* Begin PBXFileReference section */
		3ED96D8D289EAF3500B8F05B /* RedioButton.app */ = {isa = PBXFileReference; explicitFileType = wrapper.application; includeInIndex = 0; path = RedioButton.app; sourceTree = BUILT_PRODUCTS_DIR; };
		3ED96D90289EAF3500B8F05B /* AppDelegate.swift */ = {isa = PBXFileReference; lastKnownFileType = sourcecode.swift; path = AppDelegate.swift; sourceTree = "<group>"; };
		3ED96D92289EAF3500B8F05B /* SceneDelegate.swift */ = {isa = PBXFileReference; lastKnownFileType = sourcecode.swift; path = SceneDelegate.swift; sourceTree = "<group>"; };
		3ED96D94289EAF3500B8F05B /* ViewController.swift */ = {isa = PBXFileReference; lastKnownFileType = sourcecode.swift; path = ViewController.swift; sourceTree = "<group>"; };
		3ED96D97289EAF3500B8F05B /* Base */ = {isa = PBXFileReference; lastKnownFileType = file.storyboard; name = Base; path = Base.lproj/Main.storyboard; sourceTree = "<group>"; };
		3ED96D99289EAF3600B8F05B /* Assets.xcassets */ = {isa = PBXFileReference; lastKnownFileType = folder.assetcatalog; path = Assets.xcassets; sourceTree = "<group>"; };
		3ED96D9C289EAF3600B8F05B /* Base */ = {isa = PBXFileReference; lastKnownFileType = file.storyboard; name = Base; path = Base.lproj/LaunchScreen.storyboard; sourceTree = "<group>"; };
		3ED96D9E289EAF3600B8F05B /* Info.plist */ = {isa = PBXFileReference; lastKnownFileType = text.plist.xml; path = Info.plist; sourceTree = "<group>"; };
		3ED96DA3289EAF3600B8F05B /* RedioButtonTests.xctest */ = {isa = PBXFileReference; explicitFileType = wrapper.cfbundle; includeInIndex = 0; path = RedioButtonTests.xctest; sourceTree = BUILT_PRODUCTS_DIR; };
		3ED96DA7289EAF3600B8F05B /* RedioButtonTests.swift */ = {isa = PBXFileReference; lastKnownFileType = sourcecode.swift; path = RedioButtonTests.swift; sourceTree = "<group>"; };
		3ED96DAD289EAF3600B8F05B /* RedioButtonUITests.xctest */ = {isa = PBXFileReference; explicitFileType = wrapper.cfbundle; includeInIndex = 0; path = RedioButtonUITests.xctest; sourceTree = BUILT_PRODUCTS_DIR; };
		3ED96DB1289EAF3600B8F05B /* RedioButtonUITests.swift */ = {isa = PBXFileReference; lastKnownFileType = sourcecode.swift; path = RedioButtonUITests.swift; sourceTree = "<group>"; };
		3ED96DB3289EAF3600B8F05B /* RedioButtonUITestsLaunchTests.swift */ = {isa = PBXFileReference; lastKnownFileType = sourcecode.swift; path = RedioButtonUITestsLaunchTests.swift; sourceTree = "<group>"; };
/* End PBXFileReference section */

/* Begin PBXFrameworksBuildPhase section */
		3ED96D8A289EAF3500B8F05B /* Frameworks */ = {
			isa = PBXFrameworksBuildPhase;
			buildActionMask = 2147483647;
			files = (
			);
			runOnlyForDeploymentPostprocessing = 0;
		};
		3ED96DA0289EAF3600B8F05B /* Frameworks */ = {
			isa = PBXFrameworksBuildPhase;
			buildActionMask = 2147483647;
			files = (
			);
			runOnlyForDeploymentPostprocessing = 0;
		};
		3ED96DAA289EAF3600B8F05B /* Frameworks */ = {
			isa = PBXFrameworksBuildPhase;
			buildActionMask = 2147483647;
			files = (
			);
			runOnlyForDeploymentPostprocessing = 0;
		};
/* End PBXFrameworksBuildPhase section */

/* Begin PBXGroup section */
		3ED96D84289EAF3500B8F05B = {
			isa = PBXGroup;
			children = (
				3ED96D8F289EAF3500B8F05B /* RedioButton */,
				3ED96DA6289EAF3600B8F05B /* RedioButtonTests */,
				3ED96DB0289EAF3600B8F05B /* RedioButtonUITests */,
				3ED96D8E289EAF3500B8F05B /* Products */,
			);
			sourceTree = "<group>";
		};
		3ED96D8E289EAF3500B8F05B /* Products */ = {
			isa = PBXGroup;
			children = (
				3ED96D8D289EAF3500B8F05B /* RedioButton.app */,
				3ED96DA3289EAF3600B8F05B /* RedioButtonTests.xctest */,
				3ED96DAD289EAF3600B8F05B /* RedioButtonUITests.xctest */,
			);
			name = Products;
			sourceTree = "<group>";
		};
		3ED96D8F289EAF3500B8F05B /* RedioButton */ = {
			isa = PBXGroup;
			children = (
				3ED96D90289EAF3500B8F05B /* AppDelegate.swift */,
				3ED96D92289EAF3500B8F05B /* SceneDelegate.swift */,
				3ED96D94289EAF3500B8F05B /* ViewController.swift */,
				3ED96D96289EAF3500B8F05B /* Main.storyboard */,
				3ED96D99289EAF3600B8F05B /* Assets.xcassets */,
				3ED96D9B289EAF3600B8F05B /* LaunchScreen.storyboard */,
				3ED96D9E289EAF3600B8F05B /* Info.plist */,
			);
			path = RedioButton;
			sourceTree = "<group>";
		};
		3ED96DA6289EAF3600B8F05B /* RedioButtonTests */ = {
			isa = PBXGroup;
			children = (
				3ED96DA7289EAF3600B8F05B /* RedioButtonTests.swift */,
			);
			path = RedioButtonTests;
			sourceTree = "<group>";
		};
		3ED96DB0289EAF3600B8F05B /* RedioButtonUITests */ = {
			isa = PBXGroup;
			children = (
				3ED96DB1289EAF3600B8F05B /* RedioButtonUITests.swift */,
				3ED96DB3289EAF3600B8F05B /* RedioButtonUITestsLaunchTests.swift */,
			);
			path = RedioButtonUITests;
			sourceTree = "<group>";
		};
/* End PBXGroup section */

/* Begin PBXNativeTarget section */
		3ED96D8C289EAF3500B8F05B /* RedioButton */ = {
			isa = PBXNativeTarget;
			buildConfigurationList = 3ED96DB7289EAF3600B8F05B /* Build configuration list for PBXNativeTarget "RedioButton" */;
			buildPhases = (
				3ED96D89289EAF3500B8F05B /* Sources */,
				3ED96D8A289EAF3500B8F05B /* Frameworks */,
				3ED96D8B289EAF3500B8F05B /* Resources */,
			);
			buildRules = (
			);
			dependencies = (
			);
			name = RedioButton;
			productName = RedioButton;
			productReference = 3ED96D8D289EAF3500B8F05B /* RedioButton.app */;
			productType = "com.apple.product-type.application";
		};
		3ED96DA2289EAF3600B8F05B /* RedioButtonTests */ = {
			isa = PBXNativeTarget;
			buildConfigurationList = 3ED96DBA289EAF3600B8F05B /* Build configuration list for PBXNativeTarget "RedioButtonTests" */;
			buildPhases = (
				3ED96D9F289EAF3600B8F05B /* Sources */,
				3ED96DA0289EAF3600B8F05B /* Frameworks */,
				3ED96DA1289EAF3600B8F05B /* Resources */,
			);
			buildRules = (
			);
			dependencies = (
				3ED96DA5289EAF3600B8F05B /* PBXTargetDependency */,
			);
			name = RedioButtonTests;
			productName = RedioButtonTests;
			productReference = 3ED96DA3289EAF3600B8F05B /* RedioButtonTests.xctest */;
			productType = "com.apple.product-type.bundle.unit-test";
		};
		3ED96DAC289EAF3600B8F05B /* RedioButtonUITests */ = {
			isa = PBXNativeTarget;
			buildConfigurationList = 3ED96DBD289EAF3600B8F05B /* Build configuration list for PBXNativeTarget "RedioButtonUITests" */;
			buildPhases = (
				3ED96DA9289EAF3600B8F05B /* Sources */,
				3ED96DAA289EAF3600B8F05B /* Frameworks */,
				3ED96DAB289EAF3600B8F05B /* Resources */,
			);
			buildRules = (
			);
			dependencies = (
				3ED96DAF289EAF3600B8F05B /* PBXTargetDependency */,
			);
			name = RedioButtonUITests;
			productName = RedioButtonUITests;
			productReference = 3ED96DAD289EAF3600B8F05B /* RedioButtonUITests.xctest */;
			productType = "com.apple.product-type.bundle.ui-testing";
		};
/* End PBXNativeTarget section */

/* Begin PBXProject section */
		3ED96D85289EAF3500B8F05B /* Project object */ = {
			isa = PBXProject;
			attributes = {
				BuildIndependentTargetsInParallel = 1;
				LastSwiftUpdateCheck = 1340;
				LastUpgradeCheck = 1340;
				TargetAttributes = {
					3ED96D8C289EAF3500B8F05B = {
						CreatedOnToolsVersion = 13.4.1;
					};
					3ED96DA2289EAF3600B8F05B = {
						CreatedOnToolsVersion = 13.4.1;
						TestTargetID = 3ED96D8C289EAF3500B8F05B;
					};
					3ED96DAC289EAF3600B8F05B = {
						CreatedOnToolsVersion = 13.4.1;
						TestTargetID = 3ED96D8C289EAF3500B8F05B;
					};
				};
			};
			buildConfigurationList = 3ED96D88289EAF3500B8F05B /* Build configuration list for PBXProject "RedioButton" */;
			compatibilityVersion = "Xcode 13.0";
			developmentRegion = en;
			hasScannedForEncodings = 0;
			knownRegions = (
				en,
				Base,
			);
			mainGroup = 3ED96D84289EAF3500B8F05B;
			productRefGroup = 3ED96D8E289EAF3500B8F05B /* Products */;
			projectDirPath = "";
			projectRoot = "";
			targets = (
				3ED96D8C289EAF3500B8F05B /* RedioButton */,
				3ED96DA2289EAF3600B8F05B /* RedioButtonTests */,
				3ED96DAC289EAF3600B8F05B /* RedioButtonUITests */,
			);
		};
/* End PBXProject section */

/* Begin PBXResourcesBuildPhase section */
		3ED96D8B289EAF3500B8F05B /* Resources */ = {
			isa = PBXResourcesBuildPhase;
			buildActionMask = 2147483647;
			files = (
				3ED96D9D289EAF3600B8F05B /* LaunchScreen.storyboard in Resources */,
				3ED96D9A289EAF3600B8F05B /* Assets.xcassets in Resources */,
				3ED96D98289EAF3500B8F05B /* Main.storyboard in Resources */,
			);
			runOnlyForDeploymentPostprocessing = 0;
		};
		3ED96DA1289EAF3600B8F05B /* Resources */ = {
			isa = PBXResourcesBuildPhase;
			buildActionMask = 2147483647;
			files = (
			);
			runOnlyForDeploymentPostprocessing = 0;
		};
		3ED96DAB289EAF3600B8F05B /* Resources */ = {
			isa = PBXResourcesBuildPhase;
			buildActionMask = 2147483647;
			files = (
			);
			runOnlyForDeploymentPostprocessing = 0;
		};
/* End PBXResourcesBuildPhase section */

/* Begin PBXSourcesBuildPhase section */
		3ED96D89289EAF3500B8F05B /* Sources */ = {
			isa = PBXSourcesBuildPhase;
			buildActionMask = 2147483647;
			files = (
				3ED96D95289EAF3500B8F05B /* ViewController.swift in Sources */,
				3ED96D91289EAF3500B8F05B /* AppDelegate.swift in Sources */,
				3ED96D93289EAF3500B8F05B /* SceneDelegate.swift in Sources */,
			);
			runOnlyForDeploymentPostprocessing = 0;
		};
		3ED96D9F289EAF3600B8F05B /* Sources */ = {
			isa = PBXSourcesBuildPhase;
			buildActionMask = 2147483647;
			files = (
				3ED96DA8289EAF3600B8F05B /* RedioButtonTests.swift in Sources */,
			);
			runOnlyForDeploymentPostprocessing = 0;
		};
		3ED96DA9289EAF3600B8F05B /* Sources */ = {
			isa = PBXSourcesBuildPhase;
			buildActionMask = 2147483647;
			files = (
				3ED96DB4289EAF3600B8F05B /* RedioButtonUITestsLaunchTests.swift in Sources */,
				3ED96DB2289EAF3600B8F05B /* RedioButtonUITests.swift in Sources */,
			);
			runOnlyForDeploymentPostprocessing = 0;
		};
/* End PBXSourcesBuildPhase section */

/* Begin PBXTargetDependency section */
		3ED96DA5289EAF3600B8F05B /* PBXTargetDependency */ = {
			isa = PBXTargetDependency;
			target = 3ED96D8C289EAF3500B8F05B /* RedioButton */;
			targetProxy = 3ED96DA4289EAF3600B8F05B /* PBXContainerItemProxy */;
		};
		3ED96DAF289EAF3600B8F05B /* PBXTargetDependency */ = {
			isa = PBXTargetDependency;
			target = 3ED96D8C289EAF3500B8F05B /* RedioButton */;
			targetProxy = 3ED96DAE289EAF3600B8F05B /* PBXContainerItemProxy */;
		};
/* End PBXTargetDependency section */

/* Begin PBXVariantGroup section */
		3ED96D96289EAF3500B8F05B /* Main.storyboard */ = {
			isa = PBXVariantGroup;
			children = (
				3ED96D97289EAF3500B8F05B /* Base */,
			);
			name = Main.storyboard;
			sourceTree = "<group>";
		};
		3ED96D9B289EAF3600B8F05B /* LaunchScreen.storyboard */ = {
			isa = PBXVariantGroup;
			children = (
				3ED96D9C289EAF3600B8F05B /* Base */,
			);
			name = LaunchScreen.storyboard;
			sourceTree = "<group>";
		};
/* End PBXVariantGroup section */

/* Begin XCBuildConfiguration section */
		3ED96DB5289EAF3600B8F05B /* Debug */ = {
			isa = XCBuildConfiguration;
			buildSettings = {
				ALWAYS_SEARCH_USER_PATHS = NO;
				CLANG_ANALYZER_NONNULL = YES;
				CLANG_ANALYZER_NUMBER_OBJECT_CONVERSION = YES_AGGRESSIVE;
				CLANG_CXX_LANGUAGE_STANDARD = "gnu++17";
				CLANG_ENABLE_MODULES = YES;
				CLANG_ENABLE_OBJC_ARC = YES;
				CLANG_ENABLE_OBJC_WEAK = YES;
				CLANG_WARN_BLOCK_CAPTURE_AUTORELEASING = YES;
				CLANG_WARN_BOOL_CONVERSION = YES;
				CLANG_WARN_COMMA = YES;
				CLANG_WARN_CONSTANT_CONVERSION = YES;
				CLANG_WARN_DEPRECATED_OBJC_IMPLEMENTATIONS = YES;
				CLANG_WARN_DIRECT_OBJC_ISA_USAGE = YES_ERROR;
				CLANG_WARN_DOCUMENTATION_COMMENTS = YES;
				CLANG_WARN_EMPTY_BODY = YES;
				CLANG_WARN_ENUM_CONVERSION = YES;
				CLANG_WARN_INFINITE_RECURSION = YES;
				CLANG_WARN_INT_CONVERSION = YES;
				CLANG_WARN_NON_LITERAL_NULL_CONVERSION = YES;
				CLANG_WARN_OBJC_IMPLICIT_RETAIN_SELF = YES;
				CLANG_WARN_OBJC_LITERAL_CONVERSION = YES;
				CLANG_WARN_OBJC_ROOT_CLASS = YES_ERROR;
				CLANG_WARN_QUOTED_INCLUDE_IN_FRAMEWORK_HEADER = YES;
				CLANG_WARN_RANGE_LOOP_ANALYSIS = YES;
				CLANG_WARN_STRICT_PROTOTYPES = YES;
				CLANG_WARN_SUSPICIOUS_MOVE = YES;
				CLANG_WARN_UNGUARDED_AVAILABILITY = YES_AGGRESSIVE;
				CLANG_WARN_UNREACHABLE_CODE = YES;
				CLANG_WARN__DUPLICATE_METHOD_MATCH = YES;
				COPY_PHASE_STRIP = NO;
				DEBUG_INFORMATION_FORMAT = dwarf;
				ENABLE_STRICT_OBJC_MSGSEND = YES;
				ENABLE_TESTABILITY = YES;
				GCC_C_LANGUAGE_STANDARD = gnu11;
				GCC_DYNAMIC_NO_PIC = NO;
				GCC_NO_COMMON_BLOCKS = YES;
				GCC_OPTIMIZATION_LEVEL = 0;
				GCC_PREPROCESSOR_DEFINITIONS = (
					"DEBUG=1",
					"$(inherited)",
				);
				GCC_WARN_64_TO_32_BIT_CONVERSION = YES;
				GCC_WARN_ABOUT_RETURN_TYPE = YES_ERROR;
				GCC_WARN_UNDECLARED_SELECTOR = YES;
				GCC_WARN_UNINITIALIZED_AUTOS = YES_AGGRESSIVE;
				GCC_WARN_UNUSED_FUNCTION = YES;
				GCC_WARN_UNUSED_VARIABLE = YES;
				IPHONEOS_DEPLOYMENT_TARGET = 15.5;
				MTL_ENABLE_DEBUG_INFO = INCLUDE_SOURCE;
				MTL_FAST_MATH = YES;
				ONLY_ACTIVE_ARCH = YES;
				SDKROOT = iphoneos;
				SWIFT_ACTIVE_COMPILATION_CONDITIONS = DEBUG;
				SWIFT_OPTIMIZATION_LEVEL = "-Onone";
			};
			name = Debug;
		};
		3ED96DB6289EAF3600B8F05B /* Release */ = {
			isa = XCBuildConfiguration;
			buildSettings = {
				ALWAYS_SEARCH_USER_PATHS = NO;
				CLANG_ANALYZER_NONNULL = YES;
				CLANG_ANALYZER_NUMBER_OBJECT_CONVERSION = YES_AGGRESSIVE;
				CLANG_CXX_LANGUAGE_STANDARD = "gnu++17";
				CLANG_ENABLE_MODULES = YES;
				CLANG_ENABLE_OBJC_ARC = YES;
				CLANG_ENABLE_OBJC_WEAK = YES;
				CLANG_WARN_BLOCK_CAPTURE_AUTORELEASING = YES;
				CLANG_WARN_BOOL_CONVERSION = YES;
				CLANG_WARN_COMMA = YES;
				CLANG_WARN_CONSTANT_CONVERSION = YES;
				CLANG_WARN_DEPRECATED_OBJC_IMPLEMENTATIONS = YES;
				CLANG_WARN_DIRECT_OBJC_ISA_USAGE = YES_ERROR;
				CLANG_WARN_DOCUMENTATION_COMMENTS = YES;
				CLANG_WARN_EMPTY_BODY = YES;
				CLANG_WARN_ENUM_CONVERSION = YES;
				CLANG_WARN_INFINITE_RECURSION = YES;
				CLANG_WARN_INT_CONVERSION = YES;
				CLANG_WARN_NON_LITERAL_NULL_CONVERSION = YES;
				CLANG_WARN_OBJC_IMPLICIT_RETAIN_SELF = YES;
				CLANG_WARN_OBJC_LITERAL_CONVERSION = YES;
				CLANG_WARN_OBJC_ROOT_CLASS = YES_ERROR;
				CLANG_WARN_QUOTED_INCLUDE_IN_FRAMEWORK_HEADER = YES;
				CLANG_WARN_RANGE_LOOP_ANALYSIS = YES;
				CLANG_WARN_STRICT_PROTOTYPES = YES;
				CLANG_WARN_SUSPICIOUS_MOVE = YES;
				CLANG_WARN_UNGUARDED_AVAILABILITY = YES_AGGRESSIVE;
				CLANG_WARN_UNREACHABLE_CODE = YES;
				CLANG_WARN__DUPLICATE_METHOD_MATCH = YES;
				COPY_PHASE_STRIP = NO;
				DEBUG_INFORMATION_FORMAT = "dwarf-with-dsym";
				ENABLE_NS_ASSERTIONS = NO;
				ENABLE_STRICT_OBJC_MSGSEND = YES;
				GCC_C_LANGUAGE_STANDARD = gnu11;
				GCC_NO_COMMON_BLOCKS = YES;
				GCC_WARN_64_TO_32_BIT_CONVERSION = YES;
				GCC_WARN_ABOUT_RETURN_TYPE = YES_ERROR;
				GCC_WARN_UNDECLARED_SELECTOR = YES;
				GCC_WARN_UNINITIALIZED_AUTOS = YES_AGGRESSIVE;
				GCC_WARN_UNUSED_FUNCTION = YES;
				GCC_WARN_UNUSED_VARIABLE = YES;
				IPHONEOS_DEPLOYMENT_TARGET = 15.5;
				MTL_ENABLE_DEBUG_INFO = NO;
				MTL_FAST_MATH = YES;
				SDKROOT = iphoneos;
				SWIFT_COMPILATION_MODE = wholemodule;
				SWIFT_OPTIMIZATION_LEVEL = "-O";
				VALIDATE_PRODUCT = YES;
			};
			name = Release;
		};
		3ED96DB8289EAF3600B8F05B /* Debug */ = {
			isa = XCBuildConfiguration;
			buildSettings = {
				ASSETCATALOG_COMPILER_APPICON_NAME = AppIcon;
				ASSETCATALOG_COMPILER_GLOBAL_ACCENT_COLOR_NAME = AccentColor;
				CODE_SIGN_STYLE = Automatic;
				CURRENT_PROJECT_VERSION = 1;
				DEVELOPMENT_TEAM = G8ZLS2XBNE;
				GENERATE_INFOPLIST_FILE = YES;
				INFOPLIST_FILE = RedioButton/Info.plist;
				INFOPLIST_KEY_UIApplicationSupportsIndirectInputEvents = YES;
				INFOPLIST_KEY_UILaunchStoryboardName = LaunchScreen;
				INFOPLIST_KEY_UIMainStoryboardFile = Main;
				INFOPLIST_KEY_UISupportedInterfaceOrientations_iPad = "UIInterfaceOrientationPortrait UIInterfaceOrientationPortraitUpsideDown UIInterfaceOrientationLandscapeLeft UIInterfaceOrientationLandscapeRight";
				INFOPLIST_KEY_UISupportedInterfaceOrientations_iPhone = "UIInterfaceOrientationPortrait UIInterfaceOrientationLandscapeLeft UIInterfaceOrientationLandscapeRight";
				LD_RUNPATH_SEARCH_PATHS = (
					"$(inherited)",
					"@executable_path/Frameworks",
				);
				MARKETING_VERSION = 1.0;
				PRODUCT_BUNDLE_IDENTIFIER = app.pixelart.pro.RedioButton;
				PRODUCT_NAME = "$(TARGET_NAME)";
				SWIFT_EMIT_LOC_STRINGS = YES;
				SWIFT_VERSION = 5.0;
				TARGETED_DEVICE_FAMILY = "1,2";
			};
			name = Debug;
		};
		3ED96DB9289EAF3600B8F05B /* Release */ = {
			isa = XCBuildConfiguration;
			buildSettings = {
				ASSETCATALOG_COMPILER_APPICON_NAME = AppIcon;
				ASSETCATALOG_COMPILER_GLOBAL_ACCENT_COLOR_NAME = AccentColor;
				CODE_SIGN_STYLE = Automatic;
				CURRENT_PROJECT_VERSION = 1;
				DEVELOPMENT_TEAM = G8ZLS2XBNE;
				GENERATE_INFOPLIST_FILE = YES;
				INFOPLIST_FILE = RedioButton/Info.plist;
				INFOPLIST_KEY_UIApplicationSupportsIndirectInputEvents = YES;
				INFOPLIST_KEY_UILaunchStoryboardName = LaunchScreen;
				INFOPLIST_KEY_UIMainStoryboardFile = Main;
				INFOPLIST_KEY_UISupportedInterfaceOrientations_iPad = "UIInterfaceOrientationPortrait UIInterfaceOrientationPortraitUpsideDown UIInterfaceOrientationLandscapeLeft UIInterfaceOrientationLandscapeRight";
				INFOPLIST_KEY_UISupportedInterfaceOrientations_iPhone = "UIInterfaceOrientationPortrait UIInterfaceOrientationLandscapeLeft UIInterfaceOrientationLandscapeRight";
				LD_RUNPATH_SEARCH_PATHS = (
					"$(inherited)",
					"@executable_path/Frameworks",
				);
				MARKETING_VERSION = 1.0;
				PRODUCT_BUNDLE_IDENTIFIER = app.pixelart.pro.RedioButton;
				PRODUCT_NAME = "$(TARGET_NAME)";
				SWIFT_EMIT_LOC_STRINGS = YES;
				SWIFT_VERSION = 5.0;
				TARGETED_DEVICE_FAMILY = "1,2";
			};
			name = Release;
		};
		3ED96DBB289EAF3600B8F05B /* Debug */ = {
			isa = XCBuildConfiguration;
			buildSettings = {
				ALWAYS_EMBED_SWIFT_STANDARD_LIBRARIES = YES;
				BUNDLE_LOADER = "$(TEST_HOST)";
				CODE_SIGN_STYLE = Automatic;
				CURRENT_PROJECT_VERSION = 1;
				DEVELOPMENT_TEAM = G8ZLS2XBNE;
				GENERATE_INFOPLIST_FILE = YES;
				IPHONEOS_DEPLOYMENT_TARGET = 15.5;
				MARKETING_VERSION = 1.0;
				PRODUCT_BUNDLE_IDENTIFIER = app.pixelart.pro.RedioButtonTests;
				PRODUCT_NAME = "$(TARGET_NAME)";
				SWIFT_EMIT_LOC_STRINGS = NO;
				SWIFT_VERSION = 5.0;
				TARGETED_DEVICE_FAMILY = "1,2";
				TEST_HOST = "$(BUILT_PRODUCTS_DIR)/RedioButton.app/RedioButton";
			};
			name = Debug;
		};
		3ED96DBC289EAF3600B8F05B /* Release */ = {
			isa = XCBuildConfiguration;
			buildSettings = {
				ALWAYS_EMBED_SWIFT_STANDARD_LIBRARIES = YES;
				BUNDLE_LOADER = "$(TEST_HOST)";
				CODE_SIGN_STYLE = Automatic;
				CURRENT_PROJECT_VERSION = 1;
				DEVELOPMENT_TEAM = G8ZLS2XBNE;
				GENERATE_INFOPLIST_FILE = YES;
				IPHONEOS_DEPLOYMENT_TARGET = 15.5;
				MARKETING_VERSION = 1.0;
				PRODUCT_BUNDLE_IDENTIFIER = app.pixelart.pro.RedioButtonTests;
				PRODUCT_NAME = "$(TARGET_NAME)";
				SWIFT_EMIT_LOC_STRINGS = NO;
				SWIFT_VERSION = 5.0;
				TARGETED_DEVICE_FAMILY = "1,2";
				TEST_HOST = "$(BUILT_PRODUCTS_DIR)/RedioButton.app/RedioButton";
			};
			name = Release;
		};
		3ED96DBE289EAF3600B8F05B /* Debug */ = {
			isa = XCBuildConfiguration;
			buildSettings = {
				ALWAYS_EMBED_SWIFT_STANDARD_LIBRARIES = YES;
				CODE_SIGN_STYLE = Automatic;
				CURRENT_PROJECT_VERSION = 1;
				DEVELOPMENT_TEAM = G8ZLS2XBNE;
				GENERATE_INFOPLIST_FILE = YES;
				MARKETING_VERSION = 1.0;
				PRODUCT_BUNDLE_IDENTIFIER = app.pixelart.pro.RedioButtonUITests;
				PRODUCT_NAME = "$(TARGET_NAME)";
				SWIFT_EMIT_LOC_STRINGS = NO;
				SWIFT_VERSION = 5.0;
				TARGETED_DEVICE_FAMILY = "1,2";
				TEST_TARGET_NAME = RedioButton;
			};
			name = Debug;
		};
		3ED96DBF289EAF3600B8F05B /* Release */ = {
			isa = XCBuildConfiguration;
			buildSettings = {
				ALWAYS_EMBED_SWIFT_STANDARD_LIBRARIES = YES;
				CODE_SIGN_STYLE = Automatic;
				CURRENT_PROJECT_VERSION = 1;
				DEVELOPMENT_TEAM = G8ZLS2XBNE;
				GENERATE_INFOPLIST_FILE = YES;
				MARKETING_VERSION = 1.0;
				PRODUCT_BUNDLE_IDENTIFIER = app.pixelart.pro.RedioButtonUITests;
				PRODUCT_NAME = "$(TARGET_NAME)";
				SWIFT_EMIT_LOC_STRINGS = NO;
				SWIFT_VERSION = 5.0;
				TARGETED_DEVICE_FAMILY = "1,2";
				TEST_TARGET_NAME = RedioButton;
			};
			name = Release;
		};
/* End XCBuildConfiguration section */

/* Begin XCConfigurationList section */
		3ED96D88289EAF3500B8F05B /* Build configuration list for PBXProject "RedioButton" */ = {
			isa = XCConfigurationList;
			buildConfigurations = (
				3ED96DB5289EAF3600B8F05B /* Debug */,
				3ED96DB6289EAF3600B8F05B /* Release */,
			);
			defaultConfigurationIsVisible = 0;
			defaultConfigurationName = Release;
		};
		3ED96DB7289EAF3600B8F05B /* Build configuration list for PBXNativeTarget "RedioButton" */ = {
			isa = XCConfigurationList;
			buildConfigurations = (
				3ED96DB8289EAF3600B8F05B /* Debug */,
				3ED96DB9289EAF3600B8F05B /* Release */,
			);
			defaultConfigurationIsVisible = 0;
			defaultConfigurationName = Release;
		};
		3ED96DBA289EAF3600B8F05B /* Build configuration list for PBXNativeTarget "RedioButtonTests" */ = {
			isa = XCConfigurationList;
			buildConfigurations = (
				3ED96DBB289EAF3600B8F05B /* Debug */,
				3ED96DBC289EAF3600B8F05B /* Release */,
			);
			defaultConfigurationIsVisible = 0;
			defaultConfigurationName = Release;
		};
		3ED96DBD289EAF3600B8F05B /* Build configuration list for PBXNativeTarget "RedioButtonUITests" */ = {
			isa = XCConfigurationList;
			buildConfigurations = (
				3ED96DBE289EAF3600B8F05B /* Debug */,
				3ED96DBF289EAF3600B8F05B /* Release */,
			);
			defaultConfigurationIsVisible = 0;
			defaultConfigurationName = Release;
		};
/* End XCConfigurationList section */
	};
	rootObject = 3ED96D85289EAF3500B8F05B /* Project object */;
}
